
Microsoft Visual Studio Solution File, Format Version 12.00
# Visual Studio Version 17
VisualStudioVersion = 17.7.34018.315
MinimumVisualStudioVersion = 10.0.40219.1
Project("{FAE04EC0-301F-11D3-BF4B-00C04F79EFBC}") = "GCS.Winforms", "GCS.Winforms\GCS.Winforms.csproj", "{E0729AC9-0ABB-45CE-945F-4736362FA0EC}"
EndProject
Project("{FAE04EC0-301F-11D3-BF4B-00C04F79EFBC}") = "GCS.MudBlazor", "GCS.MudBlazor\GCS.MudBlazor.csproj", "{43A5CEF7-BE7C-4C95-883E-428E82BBDF74}"
EndProject
Global
	GlobalSection(SolutionConfigurationPlatforms) = preSolution
		Debug|Any CPU = Debug|Any CPU
		Release|Any CPU = Release|Any CPU
	EndGlobalSection
	GlobalSection(ProjectConfigurationPlatforms) = postSolution
		{E0729AC9-0ABB-45CE-945F-4736362FA0EC}.Debug|Any CPU.ActiveCfg = Debug|Any CPU
		{E0729AC9-0ABB-45CE-945F-4736362FA0EC}.Debug|Any CPU.Build.0 = Debug|Any CPU
		{E0729AC9-0ABB-45CE-945F-4736362FA0EC}.Release|Any CPU.ActiveCfg = Release|Any CPU
		{E0729AC9-0ABB-45CE-945F-4736362FA0EC}.Release|Any CPU.Build.0 = Release|Any CPU
		{43A5CEF7-BE7C-4C95-883E-428E82BBDF74}.Debug|Any CPU.ActiveCfg = Debug|Any CPU
		{43A5CEF7-BE7C-4C95-883E-428E82BBDF74}.Debug|Any CPU.Build.0 = Debug|Any CPU
		{43A5CEF7-BE7C-4C95-883E-428E82BBDF74}.Release|Any CPU.ActiveCfg = Release|Any CPU
		{43A5CEF7-BE7C-4C95-883E-428E82BBDF74}.Release|Any CPU.Build.0 = Release|Any CPU
	EndGlobalSection
	GlobalSection(SolutionProperties) = preSolution
		HideSolutionNode = FALSE
	EndGlobalSection
	GlobalSection(ExtensibilityGlobals) = postSolution
		SolutionGuid = {A36F340A-DF41-40AD-969B-5A44F7186B52}
	EndGlobalSection
EndGlobal
